{
  "name": "entregador",
  "lockfileVersion": 2,
  "requires": true,
  "packages": {
    "": {
      "dependencies": {
        "vertx3-full": "^3.9.4"
      }
    },
    "node_modules/vertx3-full": {
      "version": "3.9.4",
      "resolved": "https://registry.npmjs.org/vertx3-full/-/vertx3-full-3.9.4.tgz",
      "integrity": "sha512-E9/tfhb+FvHDEL9z/BmNYzfL4Yf+g5nqoZBcCS3DFXGmM/a33SFu45TimEq10ttM48DLDklVf0ju3U9imthnJg==",
      "deprecated": "Package no longer supported. Please see: https://github.com/vert-x3/issues/issues/568",
      "bin": {
        "vertx": "vertx/bin/vertx",
        "vertx.bat": "vertx/bin/vertx.bat"
      }
    }
  },
  "dependencies": {
    "vertx3-full": {
      "version": "3.9.4",
      "resolved": "https://registry.npmjs.org/vertx3-full/-/vertx3-full-3.9.4.tgz",
      "integrity": "sha512-E9/tfhb+FvHDEL9z/BmNYzfL4Yf+g5nqoZBcCS3DFXGmM/a33SFu45TimEq10ttM48DLDklVf0ju3U9imthnJg=="
    }
  }
}
